// !$*UTF8*$!
{
	archiveVersion = 1;
	classes = {
	};
	objectVersion = 55;
	objects = {

/* Begin PBXBuildFile section */
		FF397EE92677559A0058F7DD /* MessageTable.swift in Sources */ = {isa = PBXBuildFile; fileRef = FFAC4110267754D60007CA7E /* MessageTable.swift */; };
		FF397EEB267756D40058F7DD /* ExecuteSQL.swift in Sources */ = {isa = PBXBuildFile; fileRef = FF397EEA267756C70058F7DD /* ExecuteSQL.swift */; };
		FF397EED2677574B0058F7DD /* Models.swift in Sources */ = {isa = PBXBuildFile; fileRef = FF397EEC267757030058F7DD /* Models.swift */; };
		FF397EEF2677576C0058F7DD /* Constants.swift in Sources */ = {isa = PBXBuildFile; fileRef = FF397EEE267757610058F7DD /* Constants.swift */; };
		FFB1D7F82675DEAF002148FD /* MiniSQL_ClientApp.swift in Sources */ = {isa = PBXBuildFile; fileRef = FFB1D7F72675DEAF002148FD /* MiniSQL_ClientApp.swift */; };
		FFB1D7FA2675DEAF002148FD /* ContentView.swift in Sources */ = {isa = PBXBuildFile; fileRef = FFB1D7F92675DEAF002148FD /* ContentView.swift */; };
		FFB1D7FC2675DEAF002148FD /* Assets.xcassets in Resources */ = {isa = PBXBuildFile; fileRef = FFB1D7FB2675DEAF002148FD /* Assets.xcassets */; };
		FFB1D7FF2675DEAF002148FD /* Preview Assets.xcassets in Resources */ = {isa = PBXBuildFile; fileRef = FFB1D7FE2675DEAF002148FD /* Preview Assets.xcassets */; };
		FFB1D8092675E789002148FD /* HighlightedTextEditor in Frameworks */ = {isa = PBXBuildFile; productRef = FFB1D8082675E789002148FD /* HighlightedTextEditor */; };
		FFB1D81126762EFE002148FD /* SQLEditor.swift in Sources */ = {isa = PBXBuildFile; fileRef = FFB1D81026762EFE002148FD /* SQLEditor.swift */; };
		FFB1D813267642F7002148FD /* DataTable.swift in Sources */ = {isa = PBXBuildFile; fileRef = FFB1D812267642F7002148FD /* DataTable.swift */; };
/* End PBXBuildFile section */

/* Begin PBXFileReference section */
		FF336A2826764EF2004D188A /* readme.md */ = {isa = PBXFileReference; lastKnownFileType = net.daringfireball.markdown; path = readme.md; sourceTree = "<group>"; };
		FF397EEA267756C70058F7DD /* ExecuteSQL.swift */ = {isa = PBXFileReference; lastKnownFileType = sourcecode.swift; path = ExecuteSQL.swift; sourceTree = "<group>"; };
		FF397EEC267757030058F7DD /* Models.swift */ = {isa = PBXFileReference; lastKnownFileType = sourcecode.swift; path = Models.swift; sourceTree = "<group>"; };
		FF397EEE267757610058F7DD /* Constants.swift */ = {isa = PBXFileReference; lastKnownFileType = sourcecode.swift; path = Constants.swift; sourceTree = "<group>"; };
		FF957DAA26772A4C005CC91A /* MiniSQL Client.app */ = {isa = PBXFileReference; explicitFileType = wrapper.application; includeInIndex = 0; path = "MiniSQL Client.app"; sourceTree = BUILT_PRODUCTS_DIR; };
		FFAC4110267754D60007CA7E /* MessageTable.swift */ = {isa = PBXFileReference; lastKnownFileType = sourcecode.swift; path = MessageTable.swift; sourceTree = "<group>"; };
		FFB1D7F72675DEAF002148FD /* MiniSQL_ClientApp.swift */ = {isa = PBXFileReference; lastKnownFileType = sourcecode.swift; path = MiniSQL_ClientApp.swift; sourceTree = "<group>"; };
		FFB1D7F92675DEAF002148FD /* ContentView.swift */ = {isa = PBXFileReference; lastKnownFileType = sourcecode.swift; path = ContentView.swift; sourceTree = "<group>"; };
		FFB1D7FB2675DEAF002148FD /* Assets.xcassets */ = {isa = PBXFileReference; lastKnownFileType = folder.assetcatalog; path = Assets.xcassets; sourceTree = "<group>"; };
		FFB1D7FE2675DEAF002148FD /* Preview Assets.xcassets */ = {isa = PBXFileReference; lastKnownFileType = folder.assetcatalog; path = "Preview Assets.xcassets"; sourceTree = "<group>"; };
		FFB1D8002675DEAF002148FD /* Info.plist */ = {isa = PBXFileReference; lastKnownFileType = text.plist.xml; path = Info.plist; sourceTree = "<group>"; };
		FFB1D8012675DEAF002148FD /* MiniSQL_Client.entitlements */ = {isa = PBXFileReference; lastKnownFileType = text.plist.entitlements; path = MiniSQL_Client.entitlements; sourceTree = "<group>"; };
		FFB1D81026762EFE002148FD /* SQLEditor.swift */ = {isa = PBXFileReference; lastKnownFileType = sourcecode.swift; path = SQLEditor.swift; sourceTree = "<group>"; };
		FFB1D812267642F7002148FD /* DataTable.swift */ = {isa = PBXFileReference; lastKnownFileType = sourcecode.swift; path = DataTable.swift; sourceTree = "<group>"; };
/* End PBXFileReference section */

/* Begin PBXFrameworksBuildPhase section */
		FFB1D7F12675DEAF002148FD /* Frameworks */ = {
			isa = PBXFrameworksBuildPhase;
			buildActionMask = 2147483647;
			files = (
				FFB1D8092675E789002148FD /* HighlightedTextEditor in Frameworks */,
			);
			runOnlyForDeploymentPostprocessing = 0;
		};
/* End PBXFrameworksBuildPhase section */

/* Begin PBXGroup section */
		FFB1D7EB2675DEAF002148FD = {
			isa = PBXGroup;
			children = (
				FF397EEE267757610058F7DD /* Constants.swift */,
				FF397EEC267757030058F7DD /* Models.swift */,
				FF397EEA267756C70058F7DD /* ExecuteSQL.swift */,
				FFAC4110267754D60007CA7E /* MessageTable.swift */,
				FF336A2826764EF2004D188A /* readme.md */,
				FFB1D7F72675DEAF002148FD /* MiniSQL_ClientApp.swift */,
				FFB1D7F92675DEAF002148FD /* ContentView.swift */,
				FFB1D812267642F7002148FD /* DataTable.swift */,
				FFB1D7FB2675DEAF002148FD /* Assets.xcassets */,
				FFB1D8002675DEAF002148FD /* Info.plist */,
				FFB1D8012675DEAF002148FD /* MiniSQL_Client.entitlements */,
				FFB1D7FD2675DEAF002148FD /* Preview Content */,
				FFB1D81026762EFE002148FD /* SQLEditor.swift */,
				FF957DAA26772A4C005CC91A /* MiniSQL Client.app */,
			);
			sourceTree = "<group>";
		};
		FFB1D7FD2675DEAF002148FD /* Preview Content */ = {
			isa = PBXGroup;
			children = (
				FFB1D7FE2675DEAF002148FD /* Preview Assets.xcassets */,
			);
			path = "Preview Content";
			sourceTree = "<group>";
		};
/* End PBXGroup section */

/* Begin PBXNativeTarget section */
		FFB1D7F32675DEAF002148FD /* MiniSQL Client */ = {
			isa = PBXNativeTarget;
			buildConfigurationList = FFB1D8042675DEAF002148FD /* Build configuration list for PBXNativeTarget "MiniSQL Client" */;
			buildPhases = (
				FFB1D7F02675DEAF002148FD /* Sources */,
				FFB1D7F12675DEAF002148FD /* Frameworks */,
				FFB1D7F22675DEAF002148FD /* Resources */,
			);
			buildRules = (
			);
			dependencies = (
			);
			name = "MiniSQL Client";
			packageProductDependencies = (
				FFB1D8082675E789002148FD /* HighlightedTextEditor */,
			);
			productName = "MiniSQL Client";
			productReference = FF957DAA26772A4C005CC91A /* MiniSQL Client.app */;
			productType = "com.apple.product-type.application";
		};
/* End PBXNativeTarget section */

/* Begin PBXProject section */
		FFB1D7EC2675DEAF002148FD /* Project object */ = {
			isa = PBXProject;
			attributes = {
				LastSwiftUpdateCheck = 1250;
				LastUpgradeCheck = 1250;
				TargetAttributes = {
					FFB1D7F32675DEAF002148FD = {
						CreatedOnToolsVersion = 12.5;
					};
				};
			};
			buildConfigurationList = FFB1D7EF2675DEAF002148FD /* Build configuration list for PBXProject "MiniSQL Client" */;
			compatibilityVersion = "Xcode 13.0";
			developmentRegion = en;
			hasScannedForEncodings = 0;
			knownRegions = (
				en,
				Base,
			);
			mainGroup = FFB1D7EB2675DEAF002148FD;
			packageReferences = (
				FFB1D8072675E789002148FD /* XCRemoteSwiftPackageReference "HighlightedTextEditor" */,
			);
			productRefGroup = FFB1D7EB2675DEAF002148FD;
			projectDirPath = "";
			projectRoot = "";
			targets = (
				FFB1D7F32675DEAF002148FD /* MiniSQL Client */,
			);
		};
/* End PBXProject section */

/* Begin PBXResourcesBuildPhase section */
		FFB1D7F22675DEAF002148FD /* Resources */ = {
			isa = PBXResourcesBuildPhase;
			buildActionMask = 2147483647;
			files = (
				FFB1D7FF2675DEAF002148FD /* Preview Assets.xcassets in Resources */,
				FFB1D7FC2675DEAF002148FD /* Assets.xcassets in Resources */,
			);
			runOnlyForDeploymentPostprocessing = 0;
		};
/* End PBXResourcesBuildPhase section */

/* Begin PBXSourcesBuildPhase section */
		FFB1D7F02675DEAF002148FD /* Sources */ = {
			isa = PBXSourcesBuildPhase;
			buildActionMask = 2147483647;
			files = (
				FF397EEB267756D40058F7DD /* ExecuteSQL.swift in Sources */,
				FFB1D813267642F7002148FD /* DataTable.swift in Sources */,
				FF397EE92677559A0058F7DD /* MessageTable.swift in Sources */,
				FFB1D81126762EFE002148FD /* SQLEditor.swift in Sources */,
				FFB1D7FA2675DEAF002148FD /* ContentView.swift in Sources */,
				FFB1D7F82675DEAF002148FD /* MiniSQL_ClientApp.swift in Sources */,
				FF397EED2677574B0058F7DD /* Models.swift in Sources */,
				FF397EEF2677576C0058F7DD /* Constants.swift in Sources */,
			);
			runOnlyForDeploymentPostprocessing = 0;
		};
/* End PBXSourcesBuildPhase section */

/* Begin XCBuildConfiguration section */
		FFB1D8022675DEAF002148FD /* Debug */ = {
			isa = XCBuildConfiguration;
			buildSettings = {
				ALWAYS_SEARCH_USER_PATHS = NO;
				CLANG_ANALYZER_NONNULL = YES;
				CLANG_ANALYZER_NUMBER_OBJECT_CONVERSION = YES_AGGRESSIVE;
				CLANG_CXX_LANGUAGE_STANDARD = "gnu++14";
				CLANG_CXX_LIBRARY = "libc++";
				CLANG_ENABLE_MODULES = YES;
				CLANG_ENABLE_OBJC_ARC = YES;
				CLANG_ENABLE_OBJC_WEAK = YES;
				CLANG_WARN_BLOCK_CAPTURE_AUTORELEASING = YES;
				CLANG_WARN_BOOL_CONVERSION = YES;
				CLANG_WARN_COMMA = YES;
				CLANG_WARN_CONSTANT_CONVERSION = YES;
				CLANG_WARN_DEPRECATED_OBJC_IMPLEMENTATIONS = YES;
				CLANG_WARN_DIRECT_OBJC_ISA_USAGE = YES_ERROR;
				CLANG_WARN_DOCUMENTATION_COMMENTS = YES;
				CLANG_WARN_EMPTY_BODY = YES;
				CLANG_WARN_ENUM_CONVERSION = YES;
				CLANG_WARN_INFINITE_RECURSION = YES;
				CLANG_WARN_INT_CONVERSION = YES;
				CLANG_WARN_NON_LITERAL_NULL_CONVERSION = YES;
				CLANG_WARN_OBJC_IMPLICIT_RETAIN_SELF = YES;
				CLANG_WARN_OBJC_LITERAL_CONVERSION = YES;
				CLANG_WARN_OBJC_ROOT_CLASS = YES_ERROR;
				CLANG_WARN_QUOTED_INCLUDE_IN_FRAMEWORK_HEADER = YES;
				CLANG_WARN_RANGE_LOOP_ANALYSIS = YES;
				CLANG_WARN_STRICT_PROTOTYPES = YES;
				CLANG_WARN_SUSPICIOUS_MOVE = YES;
				CLANG_WARN_UNGUARDED_AVAILABILITY = YES_AGGRESSIVE;
				CLANG_WARN_UNREACHABLE_CODE = YES;
				CLANG_WARN__DUPLICATE_METHOD_MATCH = YES;
				COPY_PHASE_STRIP = NO;
				DEBUG_INFORMATION_FORMAT = dwarf;
				ENABLE_STRICT_OBJC_MSGSEND = YES;
				ENABLE_TESTABILITY = YES;
				GCC_C_LANGUAGE_STANDARD = gnu11;
				GCC_DYNAMIC_NO_PIC = NO;
				GCC_NO_COMMON_BLOCKS = YES;
				GCC_OPTIMIZATION_LEVEL = 0;
				GCC_PREPROCESSOR_DEFINITIONS = (
					"DEBUG=1",
					"$(inherited)",
				);
				GCC_WARN_64_TO_32_BIT_CONVERSION = YES;
				GCC_WARN_ABOUT_RETURN_TYPE = YES_ERROR;
				GCC_WARN_UNDECLARED_SELECTOR = YES;
				GCC_WARN_UNINITIALIZED_AUTOS = YES_AGGRESSIVE;
				GCC_WARN_UNUSED_FUNCTION = YES;
				GCC_WARN_UNUSED_VARIABLE = YES;
				MACOSX_DEPLOYMENT_TARGET = 11.0;
				MTL_ENABLE_DEBUG_INFO = INCLUDE_SOURCE;
				MTL_FAST_MATH = YES;
				ONLY_ACTIVE_ARCH = YES;
				SDKROOT = macosx;
				SWIFT_ACTIVE_COMPILATION_CONDITIONS = DEBUG;
				SWIFT_OPTIMIZATION_LEVEL = "-Onone";
			};
			name = Debug;
		};
		FFB1D8032675DEAF002148FD /* Release */ = {
			isa = XCBuildConfiguration;
			buildSettings = {
				ALWAYS_SEARCH_USER_PATHS = NO;
				CLANG_ANALYZER_NONNULL = YES;
				CLANG_ANALYZER_NUMBER_OBJECT_CONVERSION = YES_AGGRESSIVE;
				CLANG_CXX_LANGUAGE_STANDARD = "gnu++14";
				CLANG_CXX_LIBRARY = "libc++";
				CLANG_ENABLE_MODULES = YES;
				CLANG_ENABLE_OBJC_ARC = YES;
				CLANG_ENABLE_OBJC_WEAK = YES;
				CLANG_WARN_BLOCK_CAPTURE_AUTORELEASING = YES;
				CLANG_WARN_BOOL_CONVERSION = YES;
				CLANG_WARN_COMMA = YES;
				CLANG_WARN_CONSTANT_CONVERSION = YES;
				CLANG_WARN_DEPRECATED_OBJC_IMPLEMENTATIONS = YES;
				CLANG_WARN_DIRECT_OBJC_ISA_USAGE = YES_ERROR;
				CLANG_WARN_DOCUMENTATION_COMMENTS = YES;
				CLANG_WARN_EMPTY_BODY = YES;
				CLANG_WARN_ENUM_CONVERSION = YES;
				CLANG_WARN_INFINITE_RECURSION = YES;
				CLANG_WARN_INT_CONVERSION = YES;
				CLANG_WARN_NON_LITERAL_NULL_CONVERSION = YES;
				CLANG_WARN_OBJC_IMPLICIT_RETAIN_SELF = YES;
				CLANG_WARN_OBJC_LITERAL_CONVERSION = YES;
				CLANG_WARN_OBJC_ROOT_CLASS = YES_ERROR;
				CLANG_WARN_QUOTED_INCLUDE_IN_FRAMEWORK_HEADER = YES;
				CLANG_WARN_RANGE_LOOP_ANALYSIS = YES;
				CLANG_WARN_STRICT_PROTOTYPES = YES;
				CLANG_WARN_SUSPICIOUS_MOVE = YES;
				CLANG_WARN_UNGUARDED_AVAILABILITY = YES_AGGRESSIVE;
				CLANG_WARN_UNREACHABLE_CODE = YES;
				CLANG_WARN__DUPLICATE_METHOD_MATCH = YES;
				COPY_PHASE_STRIP = NO;
				DEBUG_INFORMATION_FORMAT = "dwarf-with-dsym";
				ENABLE_NS_ASSERTIONS = NO;
				ENABLE_STRICT_OBJC_MSGSEND = YES;
				GCC_C_LANGUAGE_STANDARD = gnu11;
				GCC_NO_COMMON_BLOCKS = YES;
				GCC_WARN_64_TO_32_BIT_CONVERSION = YES;
				GCC_WARN_ABOUT_RETURN_TYPE = YES_ERROR;
				GCC_WARN_UNDECLARED_SELECTOR = YES;
				GCC_WARN_UNINITIALIZED_AUTOS = YES_AGGRESSIVE;
				GCC_WARN_UNUSED_FUNCTION = YES;
				GCC_WARN_UNUSED_VARIABLE = YES;
				MACOSX_DEPLOYMENT_TARGET = 11.0;
				MTL_ENABLE_DEBUG_INFO = NO;
				MTL_FAST_MATH = YES;
				SDKROOT = macosx;
				SWIFT_COMPILATION_MODE = wholemodule;
				SWIFT_OPTIMIZATION_LEVEL = "-O";
			};
			name = Release;
		};
		FFB1D8052675DEAF002148FD /* Debug */ = {
			isa = XCBuildConfiguration;
			buildSettings = {
				ASSETCATALOG_COMPILER_APPICON_NAME = AppIcon;
				ASSETCATALOG_COMPILER_GLOBAL_ACCENT_COLOR_NAME = AccentColor;
				CODE_SIGN_ENTITLEMENTS = MiniSQL_Client.entitlements;
				CODE_SIGN_IDENTITY = "-";
				CODE_SIGN_STYLE = Automatic;
				COMBINE_HIDPI_IMAGES = YES;
				DEVELOPMENT_ASSET_PATHS = "\"Preview Content\"";
				DEVELOPMENT_TEAM = 8D3HRMP3KM;
				ENABLE_HARDENED_RUNTIME = YES;
				ENABLE_PREVIEWS = YES;
				INFOPLIST_FILE = Info.plist;
				LD_RUNPATH_SEARCH_PATHS = (
					"$(inherited)",
					"@executable_path/../Frameworks",
				);
				MACOSX_DEPLOYMENT_TARGET = 11.0;
				PRODUCT_BUNDLE_IDENTIFIER = "linyuanlin.MiniSQL-Client";
				PRODUCT_NAME = "$(TARGET_NAME)";
				SWIFT_VERSION = 5.0;
			};
			name = Debug;
		};
		FFB1D8062675DEAF002148FD /* Release */ = {
			isa = XCBuildConfiguration;
			buildSettings = {
				ASSETCATALOG_COMPILER_APPICON_NAME = AppIcon;
				ASSETCATALOG_COMPILER_GLOBAL_ACCENT_COLOR_NAME = AccentColor;
				CODE_SIGN_ENTITLEMENTS = MiniSQL_Client.entitlements;
				CODE_SIGN_IDENTITY = "-";
				CODE_SIGN_STYLE = Automatic;
				COMBINE_HIDPI_IMAGES = YES;
				DEVELOPMENT_ASSET_PATHS = "\"Preview Content\"";
				DEVELOPMENT_TEAM = 8D3HRMP3KM;
				ENABLE_HARDENED_RUNTIME = YES;
				ENABLE_PREVIEWS = YES;
				INFOPLIST_FILE = Info.plist;
				LD_RUNPATH_SEARCH_PATHS = (
					"$(inherited)",
					"@executable_path/../Frameworks",
				);
				MACOSX_DEPLOYMENT_TARGET = 11.0;
				PRODUCT_BUNDLE_IDENTIFIER = "linyuanlin.MiniSQL-Client";
				PRODUCT_NAME = "$(TARGET_NAME)";
				SWIFT_VERSION = 5.0;
			};
			name = Release;
		};
/* End XCBuildConfiguration section */

/* Begin XCConfigurationList section */
		FFB1D7EF2675DEAF002148FD /* Build configuration list for PBXProject "MiniSQL Client" */ = {
			isa = XCConfigurationList;
			buildConfigurations = (
				FFB1D8022675DEAF002148FD /* Debug */,
				FFB1D8032675DEAF002148FD /* Release */,
			);
			defaultConfigurationIsVisible = 0;
			defaultConfigurationName = Release;
		};
		FFB1D8042675DEAF002148FD /* Build configuration list for PBXNativeTarget "MiniSQL Client" */ = {
			isa = XCConfigurationList;
			buildConfigurations = (
				FFB1D8052675DEAF002148FD /* Debug */,
				FFB1D8062675DEAF002148FD /* Release */,
			);
			defaultConfigurationIsVisible = 0;
			defaultConfigurationName = Release;
		};
/* End XCConfigurationList section */

/* Begin XCRemoteSwiftPackageReference section */
		FFB1D8072675E789002148FD /* XCRemoteSwiftPackageReference "HighlightedTextEditor" */ = {
			isa = XCRemoteSwiftPackageReference;
			repositoryURL = "https://github.com/kyle-n/HighlightedTextEditor";
			requirement = {
				kind = upToNextMajorVersion;
				minimumVersion = 2.0.2;
			};
		};
/* End XCRemoteSwiftPackageReference section */

/* Begin XCSwiftPackageProductDependency section */
		FFB1D8082675E789002148FD /* HighlightedTextEditor */ = {
			isa = XCSwiftPackageProductDependency;
			package = FFB1D8072675E789002148FD /* XCRemoteSwiftPackageReference "HighlightedTextEditor" */;
			productName = HighlightedTextEditor;
		};
/* End XCSwiftPackageProductDependency section */
	};
	rootObject = FFB1D7EC2675DEAF002148FD /* Project object */;
}
